{
  "name": "ICP-12-Group-Project-5-GiftForYou",
  "lockfileVersion": 3,
  "requires": true,
  "packages": {
    "": {
      "dependencies": {
        "@imagekit/react": "^5.0.2"
      }
    },
    "node_modules/@imagekit/javascript": {
      "version": "5.2.1",
      "resolved": "https://registry.npmjs.org/@imagekit/javascript/-/javascript-5.2.1.tgz",
      "integrity": "sha512-+wGuuDceDhUX9KsMSj806uoRSCVQYG+K530/WIJhrWVxVpzxFEgqHIhExwdOP8QjrRaHr9q/kif3h7X8QP8zrA==",
      "license": "MIT"
    },
    "node_modules/@imagekit/react": {
      "version": "5.0.2",
      "resolved": "https://registry.npmjs.org/@imagekit/react/-/react-5.0.2.tgz",
      "integrity": "sha512-xsZNEa0FLkgdIs9KbWLwsY4ZjFsTsueyXdqq6Ei+TX9ynAX5u6Nuz+MQ9fXV6mh3fPELZPQKTKF9VcURvFdExg==",
      "license": "MIT",
      "dependencies": {
        "@imagekit/javascript": "^5.1.0"
      },
      "peerDependencies": {
        "react": "^16.13.1 || ^17.0.0 || ^18.0.0 || ^19.0.0",
        "react-dom": "^16.13.1 || ^17.0.0 || ^18.0.0 || ^19.0.0"
      }
    },
    "node_modules/react": {
      "version": "19.2.4",
      "resolved": "https://registry.npmjs.org/react/-/react-19.2.4.tgz",
      "integrity": "sha512-9nfp2hYpCwOjAN+8TZFGhtWEwgvWHXqESH8qT89AT/lWklpLON22Lc8pEtnpsZz7VmawabSU0gCjnj8aC0euHQ==",
      "license": "MIT",
      "peer": true,
      "engines": {
        "node": ">=0.10.0"
      }
    },
    "node_modules/react-dom": {
      "version": "19.2.4",
      "resolved": "https://registry.npmjs.org/react-dom/-/react-dom-19.2.4.tgz",
      "integrity": "sha512-AXJdLo8kgMbimY95O2aKQqsz2iWi9jMgKJhRBAxECE4IFxfcazB2LmzloIoibJI3C12IlY20+KFaLv+71bUJeQ==",
      "license": "MIT",
      "peer": true,
      "dependencies": {
        "scheduler": "^0.27.0"
      },
      "peerDependencies": {
        "react": "^19.2.4"
      }
    },
    "node_modules/scheduler": {
      "version": "0.27.0",
      "resolved": "https://registry.npmjs.org/scheduler/-/scheduler-0.27.0.tgz",
      "integrity": "sha512-eNv+WrVbKu1f3vbYJT/xtiF5syA5HPIMtf9IgY/nKg0sWqzAUEvqY/xm7OcZc/qafLx/iO9FgOmeSAp4v5ti/Q==",
      "license": "MIT",
      "peer": true
    }
  }
}
